
Microsoft Visual Studio Solution File, Format Version 12.00
# Visual Studio Version 17
VisualStudioVersion = 17.4.33205.214
MinimumVisualStudioVersion = 10.0.40219.1
Project("{FAE04EC0-301F-11D3-BF4B-00C04F79EFBC}") = "Objetos", "Objetos.csproj", "{90F610C3-444D-4666-B71A-B062017E51F8}"
EndProject
Global
	GlobalSection(SolutionConfigurationPlatforms) = preSolution
		Debug|Any CPU = Debug|Any CPU
		Release|Any CPU = Release|Any CPU
	EndGlobalSection
	GlobalSection(ProjectConfigurationPlatforms) = postSolution
		{90F610C3-444D-4666-B71A-B062017E51F8}.Debug|Any CPU.ActiveCfg = Debug|Any CPU
		{90F610C3-444D-4666-B71A-B062017E51F8}.Debug|Any CPU.Build.0 = Debug|Any CPU
		{90F610C3-444D-4666-B71A-B062017E51F8}.Release|Any CPU.ActiveCfg = Release|Any CPU
		{90F610C3-444D-4666-B71A-B062017E51F8}.Release|Any CPU.Build.0 = Release|Any CPU
	EndGlobalSection
	GlobalSection(SolutionProperties) = preSolution
		HideSolutionNode = FALSE
	EndGlobalSection
	GlobalSection(ExtensibilityGlobals) = postSolution
		SolutionGuid = {1727FE5C-D92D-4BA3-979C-3E9B71ED94B4}
	EndGlobalSection
EndGlobal
